// !$*UTF8*$!
{
	archiveVersion = 1;
	classes = {
	};
	objectVersion = 46;
	objects = {

/* Begin PBXBuildFile section */
		9B43BCD11C333BD0009B2615 /* AppDelegate.swift in Sources */ = {isa = PBXBuildFile; fileRef = 9B43BCD01C333BD0009B2615 /* AppDelegate.swift */; };
		9B43BCD31C333BD0009B2615 /* ViewController.swift in Sources */ = {isa = PBXBuildFile; fileRef = 9B43BCD21C333BD0009B2615 /* ViewController.swift */; };
		9B43BCD61C333BD0009B2615 /* Main.storyboard in Resources */ = {isa = PBXBuildFile; fileRef = 9B43BCD41C333BD0009B2615 /* Main.storyboard */; };
		9B43BCD81C333BD0009B2615 /* Images.xcassets in Resources */ = {isa = PBXBuildFile; fileRef = 9B43BCD71C333BD0009B2615 /* Images.xcassets */; };
		9B43BCDB1C333BD0009B2615 /* LaunchScreen.xib in Resources */ = {isa = PBXBuildFile; fileRef = 9B43BCD91C333BD0009B2615 /* LaunchScreen.xib */; };
		9B43BCE71C333BD0009B2615 /* tipsTests.swift in Sources */ = {isa = PBXBuildFile; fileRef = 9B43BCE61C333BD0009B2615 /* tipsTests.swift */; };
/* End PBXBuildFile section */

/* Begin PBXContainerItemProxy section */
		9B43BCE11C333BD0009B2615 /* PBXContainerItemProxy */ = {
			isa = PBXContainerItemProxy;
			containerPortal = 9B43BCC31C333BD0009B2615 /* Project object */;
			proxyType = 1;
			remoteGlobalIDString = 9B43BCCA1C333BD0009B2615;
			remoteInfo = tips;
		};
/* End PBXContainerItemProxy section */

/* Begin PBXFileReference section */
		9B43BCCB1C333BD0009B2615 /* tips.app */ = {isa = PBXFileReference; explicitFileType = wrapper.application; includeInIndex = 0; path = tips.app; sourceTree = BUILT_PRODUCTS_DIR; };
		9B43BCCF1C333BD0009B2615 /* Info.plist */ = {isa = PBXFileReference; lastKnownFileType = text.plist.xml; path = Info.plist; sourceTree = "<group>"; };
		9B43BCD01C333BD0009B2615 /* AppDelegate.swift */ = {isa = PBXFileReference; lastKnownFileType = sourcecode.swift; path = AppDelegate.swift; sourceTree = "<group>"; };
		9B43BCD21C333BD0009B2615 /* ViewController.swift */ = {isa = PBXFileReference; lastKnownFileType = sourcecode.swift; path = ViewController.swift; sourceTree = "<group>"; };
		9B43BCD51C333BD0009B2615 /* Base */ = {isa = PBXFileReference; lastKnownFileType = file.storyboard; name = Base; path = Base.lproj/Main.storyboard; sourceTree = "<group>"; };
		9B43BCD71C333BD0009B2615 /* Images.xcassets */ = {isa = PBXFileReference; lastKnownFileType = folder.assetcatalog; path = Images.xcassets; sourceTree = "<group>"; };
		9B43BCDA1C333BD0009B2615 /* Base */ = {isa = PBXFileReference; lastKnownFileType = file.xib; name = Base; path = Base.lproj/LaunchScreen.xib; sourceTree = "<group>"; };
		9B43BCE01C333BD0009B2615 /* tipsTests.xctest */ = {isa = PBXFileReference; explicitFileType = wrapper.cfbundle; includeInIndex = 0; path = tipsTests.xctest; sourceTree = BUILT_PRODUCTS_DIR; };
		9B43BCE51C333BD0009B2615 /* Info.plist */ = {isa = PBXFileReference; lastKnownFileType = text.plist.xml; path = Info.plist; sourceTree = "<group>"; };
		9B43BCE61C333BD0009B2615 /* tipsTests.swift */ = {isa = PBXFileReference; lastKnownFileType = sourcecode.swift; path = tipsTests.swift; sourceTree = "<group>"; };
/* End PBXFileReference section */

/* Begin PBXFrameworksBuildPhase section */
		9B43BCC81C333BD0009B2615 /* Frameworks */ = {
			isa = PBXFrameworksBuildPhase;
			buildActionMask = 2147483647;
			files = (
			);
			runOnlyForDeploymentPostprocessing = 0;
		};
		9B43BCDD1C333BD0009B2615 /* Frameworks */ = {
			isa = PBXFrameworksBuildPhase;
			buildActionMask = 2147483647;
			files = (
			);
			runOnlyForDeploymentPostprocessing = 0;
		};
/* End PBXFrameworksBuildPhase section */

/* Begin PBXGroup section */
		9B43BCC21C333BD0009B2615 = {
			isa = PBXGroup;
			children = (
				9B43BCCD1C333BD0009B2615 /* tips */,
				9B43BCE31C333BD0009B2615 /* tipsTests */,
				9B43BCCC1C333BD0009B2615 /* Products */,
			);
			sourceTree = "<group>";
		};
		9B43BCCC1C333BD0009B2615 /* Products */ = {
			isa = PBXGroup;
			children = (
				9B43BCCB1C333BD0009B2615 /* tips.app */,
				9B43BCE01C333BD0009B2615 /* tipsTests.xctest */,
			);
			name = Products;
			sourceTree = "<group>";
		};
		9B43BCCD1C333BD0009B2615 /* tips */ = {
			isa = PBXGroup;
			children = (
				9B43BCD01C333BD0009B2615 /* AppDelegate.swift */,
				9B43BCD21C333BD0009B2615 /* ViewController.swift */,
				9B43BCD41C333BD0009B2615 /* Main.storyboard */,
				9B43BCD71C333BD0009B2615 /* Images.xcassets */,
				9B43BCD91C333BD0009B2615 /* LaunchScreen.xib */,
				9B43BCCE1C333BD0009B2615 /* Supporting Files */,
			);
			path = tips;
			sourceTree = "<group>";
		};
		9B43BCCE1C333BD0009B2615 /* Supporting Files */ = {
			isa = PBXGroup;
			children = (
				9B43BCCF1C333BD0009B2615 /* Info.plist */,
			);
			name = "Supporting Files";
			sourceTree = "<group>";
		};
		9B43BCE31C333BD0009B2615 /* tipsTests */ = {
			isa = PBXGroup;
			children = (
				9B43BCE61C333BD0009B2615 /* tipsTests.swift */,
				9B43BCE41C333BD0009B2615 /* Supporting Files */,
			);
			path = tipsTests;
			sourceTree = "<group>";
		};
		9B43BCE41C333BD0009B2615 /* Supporting Files */ = {
			isa = PBXGroup;
			children = (
				9B43BCE51C333BD0009B2615 /* Info.plist */,
			);
			name = "Supporting Files";
			sourceTree = "<group>";
		};
/* End PBXGroup section */

/* Begin PBXNativeTarget section */
		9B43BCCA1C333BD0009B2615 /* tips */ = {
			isa = PBXNativeTarget;
			buildConfigurationList = 9B43BCEA1C333BD0009B2615 /* Build configuration list for PBXNativeTarget "tips" */;
			buildPhases = (
				9B43BCC71C333BD0009B2615 /* Sources */,
				9B43BCC81C333BD0009B2615 /* Frameworks */,
				9B43BCC91C333BD0009B2615 /* Resources */,
			);
			buildRules = (
			);
			dependencies = (
			);
			name = tips;
			productName = tips;
			productReference = 9B43BCCB1C333BD0009B2615 /* tips.app */;
			productType = "com.apple.product-type.application";
		};
		9B43BCDF1C333BD0009B2615 /* tipsTests */ = {
			isa = PBXNativeTarget;
			buildConfigurationList = 9B43BCED1C333BD0009B2615 /* Build configuration list for PBXNativeTarget "tipsTests" */;
			buildPhases = (
				9B43BCDC1C333BD0009B2615 /* Sources */,
				9B43BCDD1C333BD0009B2615 /* Frameworks */,
				9B43BCDE1C333BD0009B2615 /* Resources */,
			);
			buildRules = (
			);
			dependencies = (
				9B43BCE21C333BD0009B2615 /* PBXTargetDependency */,
			);
			name = tipsTests;
			productName = tipsTests;
			productReference = 9B43BCE01C333BD0009B2615 /* tipsTests.xctest */;
			productType = "com.apple.product-type.bundle.unit-test";
		};
/* End PBXNativeTarget section */

/* Begin PBXProject section */
		9B43BCC31C333BD0009B2615 /* Project object */ = {
			isa = PBXProject;
			attributes = {
				LastUpgradeCheck = 0640;
				ORGANIZATIONNAME = codepath;
				TargetAttributes = {
					9B43BCCA1C333BD0009B2615 = {
						CreatedOnToolsVersion = 6.4;
					};
					9B43BCDF1C333BD0009B2615 = {
						CreatedOnToolsVersion = 6.4;
						TestTargetID = 9B43BCCA1C333BD0009B2615;
					};
				};
			};
			buildConfigurationList = 9B43BCC61C333BD0009B2615 /* Build configuration list for PBXProject "tips" */;
			compatibilityVersion = "Xcode 3.2";
			developmentRegion = English;
			hasScannedForEncodings = 0;
			knownRegions = (
				en,
				Base,
			);
			mainGroup = 9B43BCC21C333BD0009B2615;
			productRefGroup = 9B43BCCC1C333BD0009B2615 /* Products */;
			projectDirPath = "";
			projectRoot = "";
			targets = (
				9B43BCCA1C333BD0009B2615 /* tips */,
				9B43BCDF1C333BD0009B2615 /* tipsTests */,
			);
		};
/* End PBXProject section */

/* Begin PBXResourcesBuildPhase section */
		9B43BCC91C333BD0009B2615 /* Resources */ = {
			isa = PBXResourcesBuildPhase;
			buildActionMask = 2147483647;
			files = (
				9B43BCD61C333BD0009B2615 /* Main.storyboard in Resources */,
				9B43BCDB1C333BD0009B2615 /* LaunchScreen.xib in Resources */,
				9B43BCD81C333BD0009B2615 /* Images.xcassets in Resources */,
			);
			runOnlyForDeploymentPostprocessing = 0;
		};
		9B43BCDE1C333BD0009B2615 /* Resources */ = {
			isa = PBXResourcesBuildPhase;
			buildActionMask = 2147483647;
			files = (
			);
			runOnlyForDeploymentPostprocessing = 0;
		};
/* End PBXResourcesBuildPhase section */

/* Begin PBXSourcesBuildPhase section */
		9B43BCC71C333BD0009B2615 /* Sources */ = {
			isa = PBXSourcesBuildPhase;
			buildActionMask = 2147483647;
			files = (
				9B43BCD31C333BD0009B2615 /* ViewController.swift in Sources */,
				9B43BCD11C333BD0009B2615 /* AppDelegate.swift in Sources */,
			);
			runOnlyForDeploymentPostprocessing = 0;
		};
		9B43BCDC1C333BD0009B2615 /* Sources */ = {
			isa = PBXSourcesBuildPhase;
			buildActionMask = 2147483647;
			files = (
				9B43BCE71C333BD0009B2615 /* tipsTests.swift in Sources */,
			);
			runOnlyForDeploymentPostprocessing = 0;
		};
/* End PBXSourcesBuildPhase section */

/* Begin PBXTargetDependency section */
		9B43BCE21C333BD0009B2615 /* PBXTargetDependency */ = {
			isa = PBXTargetDependency;
			target = 9B43BCCA1C333BD0009B2615 /* tips */;
			targetProxy = 9B43BCE11C333BD0009B2615 /* PBXContainerItemProxy */;
		};
/* End PBXTargetDependency section */

/* Begin PBXVariantGroup section */
		9B43BCD41C333BD0009B2615 /* Main.storyboard */ = {
			isa = PBXVariantGroup;
			children = (
				9B43BCD51C333BD0009B2615 /* Base */,
			);
			name = Main.storyboard;
			sourceTree = "<group>";
		};
		9B43BCD91C333BD0009B2615 /* LaunchScreen.xib */ = {
			isa = PBXVariantGroup;
			children = (
				9B43BCDA1C333BD0009B2615 /* Base */,
			);
			name = LaunchScreen.xib;
			sourceTree = "<group>";
		};
/* End PBXVariantGroup section */

/* Begin XCBuildConfiguration section */
		9B43BCE81C333BD0009B2615 /* Debug */ = {
			isa = XCBuildConfiguration;
			buildSettings = {
				ALWAYS_SEARCH_USER_PATHS = NO;
				CLANG_CXX_LANGUAGE_STANDARD = "gnu++0x";
				CLANG_CXX_LIBRARY = "libc++";
				CLANG_ENABLE_MODULES = YES;
				CLANG_ENABLE_OBJC_ARC = YES;
				CLANG_WARN_BOOL_CONVERSION = YES;
				CLANG_WARN_CONSTANT_CONVERSION = YES;
				CLANG_WARN_DIRECT_OBJC_ISA_USAGE = YES_ERROR;
				CLANG_WARN_EMPTY_BODY = YES;
				CLANG_WARN_ENUM_CONVERSION = YES;
				CLANG_WARN_INT_CONVERSION = YES;
				CLANG_WARN_OBJC_ROOT_CLASS = YES_ERROR;
				CLANG_WARN_UNREACHABLE_CODE = YES;
				CLANG_WARN__DUPLICATE_METHOD_MATCH = YES;
				"CODE_SIGN_IDENTITY[sdk=iphoneos*]" = "iPhone Developer";
				COPY_PHASE_STRIP = NO;
				DEBUG_INFORMATION_FORMAT = "dwarf-with-dsym";
				ENABLE_STRICT_OBJC_MSGSEND = YES;
				GCC_C_LANGUAGE_STANDARD = gnu99;
				GCC_DYNAMIC_NO_PIC = NO;
				GCC_NO_COMMON_BLOCKS = YES;
				GCC_OPTIMIZATION_LEVEL = 0;
				GCC_PREPROCESSOR_DEFINITIONS = (
					"DEBUG=1",
					"$(inherited)",
				);
				GCC_SYMBOLS_PRIVATE_EXTERN = NO;
				GCC_WARN_64_TO_32_BIT_CONVERSION = YES;
				GCC_WARN_ABOUT_RETURN_TYPE = YES_ERROR;
				GCC_WARN_UNDECLARED_SELECTOR = YES;
				GCC_WARN_UNINITIALIZED_AUTOS = YES_AGGRESSIVE;
				GCC_WARN_UNUSED_FUNCTION = YES;
				GCC_WARN_UNUSED_VARIABLE = YES;
				IPHONEOS_DEPLOYMENT_TARGET = 8.4;
				MTL_ENABLE_DEBUG_INFO = YES;
				ONLY_ACTIVE_ARCH = YES;
				SDKROOT = iphoneos;
				SWIFT_OPTIMIZATION_LEVEL = "-Onone";
			};
			name = Debug;
		};
		9B43BCE91C333BD0009B2615 /* Release */ = {
			isa = XCBuildConfiguration;
			buildSettings = {
				ALWAYS_SEARCH_USER_PATHS = NO;
				CLANG_CXX_LANGUAGE_STANDARD = "gnu++0x";
				CLANG_CXX_LIBRARY = "libc++";
				CLANG_ENABLE_MODULES = YES;
				CLANG_ENABLE_OBJC_ARC = YES;
				CLANG_WARN_BOOL_CONVERSION = YES;
				CLANG_WARN_CONSTANT_CONVERSION = YES;
				CLANG_WARN_DIRECT_OBJC_ISA_USAGE = YES_ERROR;
				CLANG_WARN_EMPTY_BODY = YES;
				CLANG_WARN_ENUM_CONVERSION = YES;
				CLANG_WARN_INT_CONVERSION = YES;
				CLANG_WARN_OBJC_ROOT_CLASS = YES_ERROR;
				CLANG_WARN_UNREACHABLE_CODE = YES;
				CLANG_WARN__DUPLICATE_METHOD_MATCH = YES;
				"CODE_SIGN_IDENTITY[sdk=iphoneos*]" = "iPhone Developer";
				COPY_PHASE_STRIP = NO;
				DEBUG_INFORMATION_FORMAT = "dwarf-with-dsym";
				ENABLE_NS_ASSERTIONS = NO;
				ENABLE_STRICT_OBJC_MSGSEND = YES;
				GCC_C_LANGUAGE_STANDARD = gnu99;
				GCC_NO_COMMON_BLOCKS = YES;
				GCC_WARN_64_TO_32_BIT_CONVERSION = YES;
				GCC_WARN_ABOUT_RETURN_TYPE = YES_ERROR;
				GCC_WARN_UNDECLARED_SELECTOR = YES;
				GCC_WARN_UNINITIALIZED_AUTOS = YES_AGGRESSIVE;
				GCC_WARN_UNUSED_FUNCTION = YES;
				GCC_WARN_UNUSED_VARIABLE = YES;
				IPHONEOS_DEPLOYMENT_TARGET = 8.4;
				MTL_ENABLE_DEBUG_INFO = NO;
				SDKROOT = iphoneos;
				VALIDATE_PRODUCT = YES;
			};
			name = Release;
		};
		9B43BCEB1C333BD0009B2615 /* Debug */ = {
			isa = XCBuildConfiguration;
			buildSettings = {
				ASSETCATALOG_COMPILER_APPICON_NAME = AppIcon;
				INFOPLIST_FILE = tips/Info.plist;
				LD_RUNPATH_SEARCH_PATHS = "$(inherited) @executable_path/Frameworks";
				PRODUCT_NAME = "$(TARGET_NAME)";
			};
			name = Debug;
		};
		9B43BCEC1C333BD0009B2615 /* Release */ = {
			isa = XCBuildConfiguration;
			buildSettings = {
				ASSETCATALOG_COMPILER_APPICON_NAME = AppIcon;
				INFOPLIST_FILE = tips/Info.plist;
				LD_RUNPATH_SEARCH_PATHS = "$(inherited) @executable_path/Frameworks";
				PRODUCT_NAME = "$(TARGET_NAME)";
			};
			name = Release;
		};
		9B43BCEE1C333BD0009B2615 /* Debug */ = {
			isa = XCBuildConfiguration;
			buildSettings = {
				BUNDLE_LOADER = "$(TEST_HOST)";
				FRAMEWORK_SEARCH_PATHS = (
					"$(SDKROOT)/Developer/Library/Frameworks",
					"$(inherited)",
				);
				GCC_PREPROCESSOR_DEFINITIONS = (
					"DEBUG=1",
					"$(inherited)",
				);
				INFOPLIST_FILE = tipsTests/Info.plist;
				LD_RUNPATH_SEARCH_PATHS = "$(inherited) @executable_path/Frameworks @loader_path/Frameworks";
				PRODUCT_NAME = "$(TARGET_NAME)";
				TEST_HOST = "$(BUILT_PRODUCTS_DIR)/tips.app/tips";
			};
			name = Debug;
		};
		9B43BCEF1C333BD0009B2615 /* Release */ = {
			isa = XCBuildConfiguration;
			buildSettings = {
				BUNDLE_LOADER = "$(TEST_HOST)";
				FRAMEWORK_SEARCH_PATHS = (
					"$(SDKROOT)/Developer/Library/Frameworks",
					"$(inherited)",
				);
				INFOPLIST_FILE = tipsTests/Info.plist;
				LD_RUNPATH_SEARCH_PATHS = "$(inherited) @executable_path/Frameworks @loader_path/Frameworks";
				PRODUCT_NAME = "$(TARGET_NAME)";
				TEST_HOST = "$(BUILT_PRODUCTS_DIR)/tips.app/tips";
			};
			name = Release;
		};
/* End XCBuildConfiguration section */

/* Begin XCConfigurationList section */
		9B43BCC61C333BD0009B2615 /* Build configuration list for PBXProject "tips" */ = {
			isa = XCConfigurationList;
			buildConfigurations = (
				9B43BCE81C333BD0009B2615 /* Debug */,
				9B43BCE91C333BD0009B2615 /* Release */,
			);
			defaultConfigurationIsVisible = 0;
			defaultConfigurationName = Release;
		};
		9B43BCEA1C333BD0009B2615 /* Build configuration list for PBXNativeTarget "tips" */ = {
			isa = XCConfigurationList;
			buildConfigurations = (
				9B43BCEB1C333BD0009B2615 /* Debug */,
				9B43BCEC1C333BD0009B2615 /* Release */,
			);
			defaultConfigurationIsVisible = 0;
		};
		9B43BCED1C333BD0009B2615 /* Build configuration list for PBXNativeTarget "tipsTests" */ = {
			isa = XCConfigurationList;
			buildConfigurations = (
				9B43BCEE1C333BD0009B2615 /* Debug */,
				9B43BCEF1C333BD0009B2615 /* Release */,
			);
			defaultConfigurationIsVisible = 0;
		};
/* End XCConfigurationList section */
	};
	rootObject = 9B43BCC31C333BD0009B2615 /* Project object */;
}
